// !$*UTF8*$!
{
	archiveVersion = 1;
	classes = {
	};
	objectVersion = 46;
	objects = {

/* Begin PBXBuildFile section */
		B9D716761C7C78AB00E56722 /* AppDelegate.swift in Sources */ = {isa = PBXBuildFile; fileRef = B9D716751C7C78AB00E56722 /* AppDelegate.swift */; };
		B9D716781C7C78AB00E56722 /* ViewController.swift in Sources */ = {isa = PBXBuildFile; fileRef = B9D716771C7C78AB00E56722 /* ViewController.swift */; };
		B9D7167B1C7C78AB00E56722 /* Main.storyboard in Resources */ = {isa = PBXBuildFile; fileRef = B9D716791C7C78AB00E56722 /* Main.storyboard */; };
		B9D7167D1C7C78AB00E56722 /* Assets.xcassets in Resources */ = {isa = PBXBuildFile; fileRef = B9D7167C1C7C78AB00E56722 /* Assets.xcassets */; };
		B9D716801C7C78AB00E56722 /* LaunchScreen.storyboard in Resources */ = {isa = PBXBuildFile; fileRef = B9D7167E1C7C78AB00E56722 /* LaunchScreen.storyboard */; };
		B9D7168B1C7C78AB00E56722 /* App4Tests.swift in Sources */ = {isa = PBXBuildFile; fileRef = B9D7168A1C7C78AB00E56722 /* App4Tests.swift */; };
		B9D716961C7C78AB00E56722 /* App4UITests.swift in Sources */ = {isa = PBXBuildFile; fileRef = B9D716951C7C78AB00E56722 /* App4UITests.swift */; };
		B9D716A41C7C8DE300E56722 /* CustomCell.swift in Sources */ = {isa = PBXBuildFile; fileRef = B9D716A31C7C8DE300E56722 /* CustomCell.swift */; };
/* End PBXBuildFile section */

/* Begin PBXContainerItemProxy section */
		B9D716871C7C78AB00E56722 /* PBXContainerItemProxy */ = {
			isa = PBXContainerItemProxy;
			containerPortal = B9D7166A1C7C78AB00E56722 /* Project object */;
			proxyType = 1;
			remoteGlobalIDString = B9D716711C7C78AB00E56722;
			remoteInfo = App4;
		};
		B9D716921C7C78AB00E56722 /* PBXContainerItemProxy */ = {
			isa = PBXContainerItemProxy;
			containerPortal = B9D7166A1C7C78AB00E56722 /* Project object */;
			proxyType = 1;
			remoteGlobalIDString = B9D716711C7C78AB00E56722;
			remoteInfo = App4;
		};
/* End PBXContainerItemProxy section */

/* Begin PBXFileReference section */
		B9D716721C7C78AB00E56722 /* App4.app */ = {isa = PBXFileReference; explicitFileType = wrapper.application; includeInIndex = 0; path = App4.app; sourceTree = BUILT_PRODUCTS_DIR; };
		B9D716751C7C78AB00E56722 /* AppDelegate.swift */ = {isa = PBXFileReference; lastKnownFileType = sourcecode.swift; path = AppDelegate.swift; sourceTree = "<group>"; };
		B9D716771C7C78AB00E56722 /* ViewController.swift */ = {isa = PBXFileReference; lastKnownFileType = sourcecode.swift; path = ViewController.swift; sourceTree = "<group>"; };
		B9D7167A1C7C78AB00E56722 /* Base */ = {isa = PBXFileReference; lastKnownFileType = file.storyboard; name = Base; path = Base.lproj/Main.storyboard; sourceTree = "<group>"; };
		B9D7167C1C7C78AB00E56722 /* Assets.xcassets */ = {isa = PBXFileReference; lastKnownFileType = folder.assetcatalog; path = Assets.xcassets; sourceTree = "<group>"; };
		B9D7167F1C7C78AB00E56722 /* Base */ = {isa = PBXFileReference; lastKnownFileType = file.storyboard; name = Base; path = Base.lproj/LaunchScreen.storyboard; sourceTree = "<group>"; };
		B9D716811C7C78AB00E56722 /* Info.plist */ = {isa = PBXFileReference; lastKnownFileType = text.plist.xml; path = Info.plist; sourceTree = "<group>"; };
		B9D716861C7C78AB00E56722 /* App4Tests.xctest */ = {isa = PBXFileReference; explicitFileType = wrapper.cfbundle; includeInIndex = 0; path = App4Tests.xctest; sourceTree = BUILT_PRODUCTS_DIR; };
		B9D7168A1C7C78AB00E56722 /* App4Tests.swift */ = {isa = PBXFileReference; lastKnownFileType = sourcecode.swift; path = App4Tests.swift; sourceTree = "<group>"; };
		B9D7168C1C7C78AB00E56722 /* Info.plist */ = {isa = PBXFileReference; lastKnownFileType = text.plist.xml; path = Info.plist; sourceTree = "<group>"; };
		B9D716911C7C78AB00E56722 /* App4UITests.xctest */ = {isa = PBXFileReference; explicitFileType = wrapper.cfbundle; includeInIndex = 0; path = App4UITests.xctest; sourceTree = BUILT_PRODUCTS_DIR; };
		B9D716951C7C78AB00E56722 /* App4UITests.swift */ = {isa = PBXFileReference; lastKnownFileType = sourcecode.swift; path = App4UITests.swift; sourceTree = "<group>"; };
		B9D716971C7C78AB00E56722 /* Info.plist */ = {isa = PBXFileReference; lastKnownFileType = text.plist.xml; path = Info.plist; sourceTree = "<group>"; };
		B9D716A31C7C8DE300E56722 /* CustomCell.swift */ = {isa = PBXFileReference; fileEncoding = 4; lastKnownFileType = sourcecode.swift; path = CustomCell.swift; sourceTree = "<group>"; };
/* End PBXFileReference section */

/* Begin PBXFrameworksBuildPhase section */
		B9D7166F1C7C78AB00E56722 /* Frameworks */ = {
			isa = PBXFrameworksBuildPhase;
			buildActionMask = 2147483647;
			files = (
			);
			runOnlyForDeploymentPostprocessing = 0;
		};
		B9D716831C7C78AB00E56722 /* Frameworks */ = {
			isa = PBXFrameworksBuildPhase;
			buildActionMask = 2147483647;
			files = (
			);
			runOnlyForDeploymentPostprocessing = 0;
		};
		B9D7168E1C7C78AB00E56722 /* Frameworks */ = {
			isa = PBXFrameworksBuildPhase;
			buildActionMask = 2147483647;
			files = (
			);
			runOnlyForDeploymentPostprocessing = 0;
		};
/* End PBXFrameworksBuildPhase section */

/* Begin PBXGroup section */
		B9D716691C7C78AB00E56722 = {
			isa = PBXGroup;
			children = (
				B9D716741C7C78AB00E56722 /* App4 */,
				B9D716891C7C78AB00E56722 /* App4Tests */,
				B9D716941C7C78AB00E56722 /* App4UITests */,
				B9D716731C7C78AB00E56722 /* Products */,
			);
			sourceTree = "<group>";
		};
		B9D716731C7C78AB00E56722 /* Products */ = {
			isa = PBXGroup;
			children = (
				B9D716721C7C78AB00E56722 /* App4.app */,
				B9D716861C7C78AB00E56722 /* App4Tests.xctest */,
				B9D716911C7C78AB00E56722 /* App4UITests.xctest */,
			);
			name = Products;
			sourceTree = "<group>";
		};
		B9D716741C7C78AB00E56722 /* App4 */ = {
			isa = PBXGroup;
			children = (
				B9D716751C7C78AB00E56722 /* AppDelegate.swift */,
				B9D716771C7C78AB00E56722 /* ViewController.swift */,
				B9D716A31C7C8DE300E56722 /* CustomCell.swift */,
				B9D716791C7C78AB00E56722 /* Main.storyboard */,
				B9D7167C1C7C78AB00E56722 /* Assets.xcassets */,
				B9D7167E1C7C78AB00E56722 /* LaunchScreen.storyboard */,
				B9D716811C7C78AB00E56722 /* Info.plist */,
			);
			path = App4;
			sourceTree = "<group>";
		};
		B9D716891C7C78AB00E56722 /* App4Tests */ = {
			isa = PBXGroup;
			children = (
				B9D7168A1C7C78AB00E56722 /* App4Tests.swift */,
				B9D7168C1C7C78AB00E56722 /* Info.plist */,
			);
			path = App4Tests;
			sourceTree = "<group>";
		};
		B9D716941C7C78AB00E56722 /* App4UITests */ = {
			isa = PBXGroup;
			children = (
				B9D716951C7C78AB00E56722 /* App4UITests.swift */,
				B9D716971C7C78AB00E56722 /* Info.plist */,
			);
			path = App4UITests;
			sourceTree = "<group>";
		};
/* End PBXGroup section */

/* Begin PBXNativeTarget section */
		B9D716711C7C78AB00E56722 /* App4 */ = {
			isa = PBXNativeTarget;
			buildConfigurationList = B9D7169A1C7C78AB00E56722 /* Build configuration list for PBXNativeTarget "App4" */;
			buildPhases = (
				B9D7166E1C7C78AB00E56722 /* Sources */,
				B9D7166F1C7C78AB00E56722 /* Frameworks */,
				B9D716701C7C78AB00E56722 /* Resources */,
			);
			buildRules = (
			);
			dependencies = (
			);
			name = App4;
			productName = App4;
			productReference = B9D716721C7C78AB00E56722 /* App4.app */;
			productType = "com.apple.product-type.application";
		};
		B9D716851C7C78AB00E56722 /* App4Tests */ = {
			isa = PBXNativeTarget;
			buildConfigurationList = B9D7169D1C7C78AB00E56722 /* Build configuration list for PBXNativeTarget "App4Tests" */;
			buildPhases = (
				B9D716821C7C78AB00E56722 /* Sources */,
				B9D716831C7C78AB00E56722 /* Frameworks */,
				B9D716841C7C78AB00E56722 /* Resources */,
			);
			buildRules = (
			);
			dependencies = (
				B9D716881C7C78AB00E56722 /* PBXTargetDependency */,
			);
			name = App4Tests;
			productName = App4Tests;
			productReference = B9D716861C7C78AB00E56722 /* App4Tests.xctest */;
			productType = "com.apple.product-type.bundle.unit-test";
		};
		B9D716901C7C78AB00E56722 /* App4UITests */ = {
			isa = PBXNativeTarget;
			buildConfigurationList = B9D716A01C7C78AB00E56722 /* Build configuration list for PBXNativeTarget "App4UITests" */;
			buildPhases = (
				B9D7168D1C7C78AB00E56722 /* Sources */,
				B9D7168E1C7C78AB00E56722 /* Frameworks */,
				B9D7168F1C7C78AB00E56722 /* Resources */,
			);
			buildRules = (
			);
			dependencies = (
				B9D716931C7C78AB00E56722 /* PBXTargetDependency */,
			);
			name = App4UITests;
			productName = App4UITests;
			productReference = B9D716911C7C78AB00E56722 /* App4UITests.xctest */;
			productType = "com.apple.product-type.bundle.ui-testing";
		};
/* End PBXNativeTarget section */

/* Begin PBXProject section */
		B9D7166A1C7C78AB00E56722 /* Project object */ = {
			isa = PBXProject;
			attributes = {
				LastSwiftUpdateCheck = 0720;
				LastUpgradeCheck = 0720;
				ORGANIZATIONNAME = Kipras;
				TargetAttributes = {
					B9D716711C7C78AB00E56722 = {
						CreatedOnToolsVersion = 7.2.1;
						DevelopmentTeam = 92696P3PX5;
					};
					B9D716851C7C78AB00E56722 = {
						CreatedOnToolsVersion = 7.2.1;
						TestTargetID = B9D716711C7C78AB00E56722;
					};
					B9D716901C7C78AB00E56722 = {
						CreatedOnToolsVersion = 7.2.1;
						TestTargetID = B9D716711C7C78AB00E56722;
					};
				};
			};
			buildConfigurationList = B9D7166D1C7C78AB00E56722 /* Build configuration list for PBXProject "App4" */;
			compatibilityVersion = "Xcode 3.2";
			developmentRegion = English;
			hasScannedForEncodings = 0;
			knownRegions = (
				en,
				Base,
			);
			mainGroup = B9D716691C7C78AB00E56722;
			productRefGroup = B9D716731C7C78AB00E56722 /* Products */;
			projectDirPath = "";
			projectRoot = "";
			targets = (
				B9D716711C7C78AB00E56722 /* App4 */,
				B9D716851C7C78AB00E56722 /* App4Tests */,
				B9D716901C7C78AB00E56722 /* App4UITests */,
			);
		};
/* End PBXProject section */

/* Begin PBXResourcesBuildPhase section */
		B9D716701C7C78AB00E56722 /* Resources */ = {
			isa = PBXResourcesBuildPhase;
			buildActionMask = 2147483647;
			files = (
				B9D716801C7C78AB00E56722 /* LaunchScreen.storyboard in Resources */,
				B9D7167D1C7C78AB00E56722 /* Assets.xcassets in Resources */,
				B9D7167B1C7C78AB00E56722 /* Main.storyboard in Resources */,
			);
			runOnlyForDeploymentPostprocessing = 0;
		};
		B9D716841C7C78AB00E56722 /* Resources */ = {
			isa = PBXResourcesBuildPhase;
			buildActionMask = 2147483647;
			files = (
			);
			runOnlyForDeploymentPostprocessing = 0;
		};
		B9D7168F1C7C78AB00E56722 /* Resources */ = {
			isa = PBXResourcesBuildPhase;
			buildActionMask = 2147483647;
			files = (
			);
			runOnlyForDeploymentPostprocessing = 0;
		};
/* End PBXResourcesBuildPhase section */

/* Begin PBXSourcesBuildPhase section */
		B9D7166E1C7C78AB00E56722 /* Sources */ = {
			isa = PBXSourcesBuildPhase;
			buildActionMask = 2147483647;
			files = (
				B9D716781C7C78AB00E56722 /* ViewController.swift in Sources */,
				B9D716A41C7C8DE300E56722 /* CustomCell.swift in Sources */,
				B9D716761C7C78AB00E56722 /* AppDelegate.swift in Sources */,
			);
			runOnlyForDeploymentPostprocessing = 0;
		};
		B9D716821C7C78AB00E56722 /* Sources */ = {
			isa = PBXSourcesBuildPhase;
			buildActionMask = 2147483647;
			files = (
				B9D7168B1C7C78AB00E56722 /* App4Tests.swift in Sources */,
			);
			runOnlyForDeploymentPostprocessing = 0;
		};
		B9D7168D1C7C78AB00E56722 /* Sources */ = {
			isa = PBXSourcesBuildPhase;
			buildActionMask = 2147483647;
			files = (
				B9D716961C7C78AB00E56722 /* App4UITests.swift in Sources */,
			);
			runOnlyForDeploymentPostprocessing = 0;
		};
/* End PBXSourcesBuildPhase section */

/* Begin PBXTargetDependency section */
		B9D716881C7C78AB00E56722 /* PBXTargetDependency */ = {
			isa = PBXTargetDependency;
			target = B9D716711C7C78AB00E56722 /* App4 */;
			targetProxy = B9D716871C7C78AB00E56722 /* PBXContainerItemProxy */;
		};
		B9D716931C7C78AB00E56722 /* PBXTargetDependency */ = {
			isa = PBXTargetDependency;
			target = B9D716711C7C78AB00E56722 /* App4 */;
			targetProxy = B9D716921C7C78AB00E56722 /* PBXContainerItemProxy */;
		};
/* End PBXTargetDependency section */

/* Begin PBXVariantGroup section */
		B9D716791C7C78AB00E56722 /* Main.storyboard */ = {
			isa = PBXVariantGroup;
			children = (
				B9D7167A1C7C78AB00E56722 /* Base */,
			);
			name = Main.storyboard;
			sourceTree = "<group>";
		};
		B9D7167E1C7C78AB00E56722 /* LaunchScreen.storyboard */ = {
			isa = PBXVariantGroup;
			children = (
				B9D7167F1C7C78AB00E56722 /* Base */,
			);
			name = LaunchScreen.storyboard;
			sourceTree = "<group>";
		};
/* End PBXVariantGroup section */

/* Begin XCBuildConfiguration section */
		B9D716981C7C78AB00E56722 /* Debug */ = {
			isa = XCBuildConfiguration;
			buildSettings = {
				ALWAYS_SEARCH_USER_PATHS = NO;
				CLANG_CXX_LANGUAGE_STANDARD = "gnu++0x";
				CLANG_CXX_LIBRARY = "libc++";
				CLANG_ENABLE_MODULES = YES;
				CLANG_ENABLE_OBJC_ARC = YES;
				CLANG_WARN_BOOL_CONVERSION = YES;
				CLANG_WARN_CONSTANT_CONVERSION = YES;
				CLANG_WARN_DIRECT_OBJC_ISA_USAGE = YES_ERROR;
				CLANG_WARN_EMPTY_BODY = YES;
				CLANG_WARN_ENUM_CONVERSION = YES;
				CLANG_WARN_INT_CONVERSION = YES;
				CLANG_WARN_OBJC_ROOT_CLASS = YES_ERROR;
				CLANG_WARN_UNREACHABLE_CODE = YES;
				CLANG_WARN__DUPLICATE_METHOD_MATCH = YES;
				"CODE_SIGN_IDENTITY[sdk=iphoneos*]" = "iPhone Developer";
				COPY_PHASE_STRIP = NO;
				DEBUG_INFORMATION_FORMAT = dwarf;
				ENABLE_STRICT_OBJC_MSGSEND = YES;
				ENABLE_TESTABILITY = YES;
				GCC_C_LANGUAGE_STANDARD = gnu99;
				GCC_DYNAMIC_NO_PIC = NO;
				GCC_NO_COMMON_BLOCKS = YES;
				GCC_OPTIMIZATION_LEVEL = 0;
				GCC_PREPROCESSOR_DEFINITIONS = (
					"DEBUG=1",
					"$(inherited)",
				);
				GCC_WARN_64_TO_32_BIT_CONVERSION = YES;
				GCC_WARN_ABOUT_RETURN_TYPE = YES_ERROR;
				GCC_WARN_UNDECLARED_SELECTOR = YES;
				GCC_WARN_UNINITIALIZED_AUTOS = YES_AGGRESSIVE;
				GCC_WARN_UNUSED_FUNCTION = YES;
				GCC_WARN_UNUSED_VARIABLE = YES;
				IPHONEOS_DEPLOYMENT_TARGET = 9.2;
				MTL_ENABLE_DEBUG_INFO = YES;
				ONLY_ACTIVE_ARCH = YES;
				SDKROOT = iphoneos;
				SWIFT_OPTIMIZATION_LEVEL = "-Onone";
				TARGETED_DEVICE_FAMILY = "1,2";
			};
			name = Debug;
		};
		B9D716991C7C78AB00E56722 /* Release */ = {
			isa = XCBuildConfiguration;
			buildSettings = {
				ALWAYS_SEARCH_USER_PATHS = NO;
				CLANG_CXX_LANGUAGE_STANDARD = "gnu++0x";
				CLANG_CXX_LIBRARY = "libc++";
				CLANG_ENABLE_MODULES = YES;
				CLANG_ENABLE_OBJC_ARC = YES;
				CLANG_WARN_BOOL_CONVERSION = YES;
				CLANG_WARN_CONSTANT_CONVERSION = YES;
				CLANG_WARN_DIRECT_OBJC_ISA_USAGE = YES_ERROR;
				CLANG_WARN_EMPTY_BODY = YES;
				CLANG_WARN_ENUM_CONVERSION = YES;
				CLANG_WARN_INT_CONVERSION = YES;
				CLANG_WARN_OBJC_ROOT_CLASS = YES_ERROR;
				CLANG_WARN_UNREACHABLE_CODE = YES;
				CLANG_WARN__DUPLICATE_METHOD_MATCH = YES;
				"CODE_SIGN_IDENTITY[sdk=iphoneos*]" = "iPhone Developer";
				COPY_PHASE_STRIP = NO;
				DEBUG_INFORMATION_FORMAT = "dwarf-with-dsym";
				ENABLE_NS_ASSERTIONS = NO;
				ENABLE_STRICT_OBJC_MSGSEND = YES;
				GCC_C_LANGUAGE_STANDARD = gnu99;
				GCC_NO_COMMON_BLOCKS = YES;
				GCC_WARN_64_TO_32_BIT_CONVERSION = YES;
				GCC_WARN_ABOUT_RETURN_TYPE = YES_ERROR;
				GCC_WARN_UNDECLARED_SELECTOR = YES;
				GCC_WARN_UNINITIALIZED_AUTOS = YES_AGGRESSIVE;
				GCC_WARN_UNUSED_FUNCTION = YES;
				GCC_WARN_UNUSED_VARIABLE = YES;
				IPHONEOS_DEPLOYMENT_TARGET = 9.2;
				MTL_ENABLE_DEBUG_INFO = NO;
				SDKROOT = iphoneos;
				TARGETED_DEVICE_FAMILY = "1,2";
				VALIDATE_PRODUCT = YES;
			};
			name = Release;
		};
		B9D7169B1C7C78AB00E56722 /* Debug */ = {
			isa = XCBuildConfiguration;
			buildSettings = {
				ASSETCATALOG_COMPILER_APPICON_NAME = AppIcon;
				CODE_SIGN_IDENTITY = "iPhone Developer";
				"CODE_SIGN_IDENTITY[sdk=iphoneos*]" = "iPhone Developer";
				INFOPLIST_FILE = App4/Info.plist;
				LD_RUNPATH_SEARCH_PATHS = "$(inherited) @executable_path/Frameworks";
				PRODUCT_BUNDLE_IDENTIFIER = Apps.App4;
				PRODUCT_NAME = "$(TARGET_NAME)";
				PROVISIONING_PROFILE = "";
			};
			name = Debug;
		};
		B9D7169C1C7C78AB00E56722 /* Release */ = {
			isa = XCBuildConfiguration;
			buildSettings = {
				ASSETCATALOG_COMPILER_APPICON_NAME = AppIcon;
				CODE_SIGN_IDENTITY = "iPhone Developer";
				"CODE_SIGN_IDENTITY[sdk=iphoneos*]" = "iPhone Developer";
				INFOPLIST_FILE = App4/Info.plist;
				LD_RUNPATH_SEARCH_PATHS = "$(inherited) @executable_path/Frameworks";
				PRODUCT_BUNDLE_IDENTIFIER = Apps.App4;
				PRODUCT_NAME = "$(TARGET_NAME)";
				PROVISIONING_PROFILE = "";
			};
			name = Release;
		};
		B9D7169E1C7C78AB00E56722 /* Debug */ = {
			isa = XCBuildConfiguration;
			buildSettings = {
				BUNDLE_LOADER = "$(TEST_HOST)";
				INFOPLIST_FILE = App4Tests/Info.plist;
				LD_RUNPATH_SEARCH_PATHS = "$(inherited) @executable_path/Frameworks @loader_path/Frameworks";
				PRODUCT_BUNDLE_IDENTIFIER = Apps.App4Tests;
				PRODUCT_NAME = "$(TARGET_NAME)";
				TEST_HOST = "$(BUILT_PRODUCTS_DIR)/App4.app/App4";
			};
			name = Debug;
		};
		B9D7169F1C7C78AB00E56722 /* Release */ = {
			isa = XCBuildConfiguration;
			buildSettings = {
				BUNDLE_LOADER = "$(TEST_HOST)";
				INFOPLIST_FILE = App4Tests/Info.plist;
				LD_RUNPATH_SEARCH_PATHS = "$(inherited) @executable_path/Frameworks @loader_path/Frameworks";
				PRODUCT_BUNDLE_IDENTIFIER = Apps.App4Tests;
				PRODUCT_NAME = "$(TARGET_NAME)";
				TEST_HOST = "$(BUILT_PRODUCTS_DIR)/App4.app/App4";
			};
			name = Release;
		};
		B9D716A11C7C78AB00E56722 /* Debug */ = {
			isa = XCBuildConfiguration;
			buildSettings = {
				INFOPLIST_FILE = App4UITests/Info.plist;
				LD_RUNPATH_SEARCH_PATHS = "$(inherited) @executable_path/Frameworks @loader_path/Frameworks";
				PRODUCT_BUNDLE_IDENTIFIER = Apps.App4UITests;
				PRODUCT_NAME = "$(TARGET_NAME)";
				TEST_TARGET_NAME = App4;
				USES_XCTRUNNER = YES;
			};
			name = Debug;
		};
		B9D716A21C7C78AB00E56722 /* Release */ = {
			isa = XCBuildConfiguration;
			buildSettings = {
				INFOPLIST_FILE = App4UITests/Info.plist;
				LD_RUNPATH_SEARCH_PATHS = "$(inherited) @executable_path/Frameworks @loader_path/Frameworks";
				PRODUCT_BUNDLE_IDENTIFIER = Apps.App4UITests;
				PRODUCT_NAME = "$(TARGET_NAME)";
				TEST_TARGET_NAME = App4;
				USES_XCTRUNNER = YES;
			};
			name = Release;
		};
/* End XCBuildConfiguration section */

/* Begin XCConfigurationList section */
		B9D7166D1C7C78AB00E56722 /* Build configuration list for PBXProject "App4" */ = {
			isa = XCConfigurationList;
			buildConfigurations = (
				B9D716981C7C78AB00E56722 /* Debug */,
				B9D716991C7C78AB00E56722 /* Release */,
			);
			defaultConfigurationIsVisible = 0;
			defaultConfigurationName = Release;
		};
		B9D7169A1C7C78AB00E56722 /* Build configuration list for PBXNativeTarget "App4" */ = {
			isa = XCConfigurationList;
			buildConfigurations = (
				B9D7169B1C7C78AB00E56722 /* Debug */,
				B9D7169C1C7C78AB00E56722 /* Release */,
			);
			defaultConfigurationIsVisible = 0;
			defaultConfigurationName = Release;
		};
		B9D7169D1C7C78AB00E56722 /* Build configuration list for PBXNativeTarget "App4Tests" */ = {
			isa = XCConfigurationList;
			buildConfigurations = (
				B9D7169E1C7C78AB00E56722 /* Debug */,
				B9D7169F1C7C78AB00E56722 /* Release */,
			);
			defaultConfigurationIsVisible = 0;
			defaultConfigurationName = Release;
		};
		B9D716A01C7C78AB00E56722 /* Build configuration list for PBXNativeTarget "App4UITests" */ = {
			isa = XCConfigurationList;
			buildConfigurations = (
				B9D716A11C7C78AB00E56722 /* Debug */,
				B9D716A21C7C78AB00E56722 /* Release */,
			);
			defaultConfigurationIsVisible = 0;
			defaultConfigurationName = Release;
		};
/* End XCConfigurationList section */
	};
	rootObject = B9D7166A1C7C78AB00E56722 /* Project object */;
}
